// !$*UTF8*$!
{
	archiveVersion = 1;
	classes = {
	};
	objectVersion = 45;
	objects = {

/* Begin PBXBuildFile section */
		1D3623260D0F684500981E51 /* SocialExamplesAppDelegate.m in Sources */ = {isa = PBXBuildFile; fileRef = 1D3623250D0F684500981E51 /* SocialExamplesAppDelegate.m */; };
		1D60589B0D05DD56006BFB54 /* main.m in Sources */ = {isa = PBXBuildFile; fileRef = 29B97316FDCFA39411CA2CEA /* main.m */; };
		1D60589F0D05DD5A006BFB54 /* Foundation.framework in Frameworks */ = {isa = PBXBuildFile; fileRef = 1D30AB110D05D00D00671497 /* Foundation.framework */; };
		1DF5F4E00D08C38300B7A737 /* UIKit.framework in Frameworks */ = {isa = PBXBuildFile; fileRef = 1DF5F4DF0D08C38300B7A737 /* UIKit.framework */; };
		256D74890FDEEA9700422E5B /* config in Resources */ = {isa = PBXBuildFile; fileRef = 256D745E0FDEEA9600422E5B /* config */; };
		256D748A0FDEEA9700422E5B /* description in Resources */ = {isa = PBXBuildFile; fileRef = 256D745F0FDEEA9600422E5B /* description */; };
		256D748C0FDEEA9700422E5B /* applypatch-msg.sample in Resources */ = {isa = PBXBuildFile; fileRef = 256D74620FDEEA9600422E5B /* applypatch-msg.sample */; };
		256D748D0FDEEA9700422E5B /* commit-msg.sample in Resources */ = {isa = PBXBuildFile; fileRef = 256D74630FDEEA9600422E5B /* commit-msg.sample */; };
		256D748E0FDEEA9700422E5B /* post-commit.sample in Resources */ = {isa = PBXBuildFile; fileRef = 256D74640FDEEA9600422E5B /* post-commit.sample */; };
		256D748F0FDEEA9700422E5B /* post-receive.sample in Resources */ = {isa = PBXBuildFile; fileRef = 256D74650FDEEA9600422E5B /* post-receive.sample */; };
		256D74900FDEEA9700422E5B /* post-update.sample in Resources */ = {isa = PBXBuildFile; fileRef = 256D74660FDEEA9600422E5B /* post-update.sample */; };
		256D74910FDEEA9700422E5B /* pre-applypatch.sample in Resources */ = {isa = PBXBuildFile; fileRef = 256D74670FDEEA9600422E5B /* pre-applypatch.sample */; };
		256D74920FDEEA9700422E5B /* pre-commit.sample in Resources */ = {isa = PBXBuildFile; fileRef = 256D74680FDEEA9600422E5B /* pre-commit.sample */; };
		256D74930FDEEA9700422E5B /* pre-rebase.sample in Resources */ = {isa = PBXBuildFile; fileRef = 256D74690FDEEA9600422E5B /* pre-rebase.sample */; };
		256D74940FDEEA9700422E5B /* prepare-commit-msg.sample in Resources */ = {isa = PBXBuildFile; fileRef = 256D746A0FDEEA9600422E5B /* prepare-commit-msg.sample */; };
		256D74950FDEEA9700422E5B /* update.sample in Resources */ = {isa = PBXBuildFile; fileRef = 256D746B0FDEEA9600422E5B /* update.sample */; };
		256D74960FDEEA9700422E5B /* index in Resources */ = {isa = PBXBuildFile; fileRef = 256D746C0FDEEA9600422E5B /* index */; };
		256D74970FDEEA9700422E5B /* exclude in Resources */ = {isa = PBXBuildFile; fileRef = 256D746E0FDEEA9600422E5B /* exclude */; };
		256D749B0FDEEA9700422E5B /* pack-abd4598345b108c03cba21d0a9ba7a53d3b350c5.idx in Resources */ = {isa = PBXBuildFile; fileRef = 256D747A0FDEEA9700422E5B /* pack-abd4598345b108c03cba21d0a9ba7a53d3b350c5.idx */; };
		256D749C0FDEEA9700422E5B /* pack-abd4598345b108c03cba21d0a9ba7a53d3b350c5.pack in Resources */ = {isa = PBXBuildFile; fileRef = 256D747B0FDEEA9700422E5B /* pack-abd4598345b108c03cba21d0a9ba7a53d3b350c5.pack */; };
		256D749D0FDEEA9700422E5B /* packed-refs in Resources */ = {isa = PBXBuildFile; fileRef = 256D747C0FDEEA9700422E5B /* packed-refs */; };
		256D74A00FDEEA9700422E5B /* FBPermissionRequest.m in Sources */ = {isa = PBXBuildFile; fileRef = 256D74850FDEEA9700422E5B /* FBPermissionRequest.m */; };
		256D74A10FDEEA9700422E5B /* FBStatusUpdateRequest.m in Sources */ = {isa = PBXBuildFile; fileRef = 256D74870FDEEA9700422E5B /* FBStatusUpdateRequest.m */; };
		256D74A20FDEEA9700422E5B /* README in Resources */ = {isa = PBXBuildFile; fileRef = 256D74880FDEEA9700422E5B /* README */; };
		256D75040FDEEABC00422E5B /* FBConnectGlobal.m in Sources */ = {isa = PBXBuildFile; fileRef = 256D74DA0FDEEABC00422E5B /* FBConnectGlobal.m */; };
		256D75050FDEEABC00422E5B /* FBDialog.m in Sources */ = {isa = PBXBuildFile; fileRef = 256D74DB0FDEEABC00422E5B /* FBDialog.m */; };
		256D75060FDEEABC00422E5B /* FBFeedDialog.m in Sources */ = {isa = PBXBuildFile; fileRef = 256D74DC0FDEEABC00422E5B /* FBFeedDialog.m */; };
		256D75070FDEEABC00422E5B /* FBLoginButton.m in Sources */ = {isa = PBXBuildFile; fileRef = 256D74DD0FDEEABC00422E5B /* FBLoginButton.m */; };
		256D75080FDEEABC00422E5B /* FBLoginDialog.m in Sources */ = {isa = PBXBuildFile; fileRef = 256D74DE0FDEEABC00422E5B /* FBLoginDialog.m */; };
		256D75090FDEEABC00422E5B /* FBPermissionDialog.m in Sources */ = {isa = PBXBuildFile; fileRef = 256D74DF0FDEEABC00422E5B /* FBPermissionDialog.m */; };
		256D750A0FDEEABC00422E5B /* FBRequest.m in Sources */ = {isa = PBXBuildFile; fileRef = 256D74E00FDEEABC00422E5B /* FBRequest.m */; };
		256D750B0FDEEABC00422E5B /* FBSession.m in Sources */ = {isa = PBXBuildFile; fileRef = 256D74E10FDEEABC00422E5B /* FBSession.m */; };
		256D750C0FDEEABC00422E5B /* FBXMLHandler.m in Sources */ = {isa = PBXBuildFile; fileRef = 256D74E30FDEEABC00422E5B /* FBXMLHandler.m */; };
		256D75C90FDEECB800422E5B /* MGTwitterEngine.m in Sources */ = {isa = PBXBuildFile; fileRef = 256D757B0FDEECB800422E5B /* MGTwitterEngine.m */; };
		256D75CA0FDEECB800422E5B /* MGTwitterHTTPURLConnection.m in Sources */ = {isa = PBXBuildFile; fileRef = 256D75830FDEECB800422E5B /* MGTwitterHTTPURLConnection.m */; };
		256D75CB0FDEECB800422E5B /* MGTwitterLibXMLParser.m in Sources */ = {isa = PBXBuildFile; fileRef = 256D75850FDEECB800422E5B /* MGTwitterLibXMLParser.m */; };
		256D75CC0FDEECB800422E5B /* MGTwitterMessagesLibXMLParser.m in Sources */ = {isa = PBXBuildFile; fileRef = 256D75870FDEECB800422E5B /* MGTwitterMessagesLibXMLParser.m */; };
		256D75CD0FDEECB800422E5B /* MGTwitterMessagesParser.m in Sources */ = {isa = PBXBuildFile; fileRef = 256D75890FDEECB800422E5B /* MGTwitterMessagesParser.m */; };
		256D75CF0FDEECB800422E5B /* MGTwitterMiscLibXMLParser.m in Sources */ = {isa = PBXBuildFile; fileRef = 256D758D0FDEECB800422E5B /* MGTwitterMiscLibXMLParser.m */; };
		256D75D00FDEECB800422E5B /* MGTwitterMiscParser.m in Sources */ = {isa = PBXBuildFile; fileRef = 256D758F0FDEECB800422E5B /* MGTwitterMiscParser.m */; };
		256D75D30FDEECB800422E5B /* MGTwitterStatusesLibXMLParser.m in Sources */ = {isa = PBXBuildFile; fileRef = 256D75970FDEECB800422E5B /* MGTwitterStatusesLibXMLParser.m */; };
		256D75D40FDEECB800422E5B /* MGTwitterStatusesParser.m in Sources */ = {isa = PBXBuildFile; fileRef = 256D75990FDEECB800422E5B /* MGTwitterStatusesParser.m */; };
		256D75D60FDEECB800422E5B /* MGTwitterUsersLibXMLParser.m in Sources */ = {isa = PBXBuildFile; fileRef = 256D759D0FDEECB800422E5B /* MGTwitterUsersLibXMLParser.m */; };
		256D75D70FDEECB800422E5B /* MGTwitterUsersParser.m in Sources */ = {isa = PBXBuildFile; fileRef = 256D759F0FDEECB800422E5B /* MGTwitterUsersParser.m */; };
		256D75D90FDEECB800422E5B /* MGTwitterXMLParser.m in Sources */ = {isa = PBXBuildFile; fileRef = 256D75A30FDEECB800422E5B /* MGTwitterXMLParser.m */; };
		256D75DB0FDEECB800422E5B /* NSData+Base64.m in Sources */ = {isa = PBXBuildFile; fileRef = 256D75A70FDEECB800422E5B /* NSData+Base64.m */; };
		256D75DC0FDEECB800422E5B /* NSString+UUID.m in Sources */ = {isa = PBXBuildFile; fileRef = 256D75A90FDEECB800422E5B /* NSString+UUID.m */; };
		256D75E90FDEED0100422E5B /* libxml2.dylib in Frameworks */ = {isa = PBXBuildFile; fileRef = 256D75E80FDEED0100422E5B /* libxml2.dylib */; };
		256D760C0FDEEDFB00422E5B /* AudioToolbox.framework in Frameworks */ = {isa = PBXBuildFile; fileRef = 256D760B0FDEEDFB00422E5B /* AudioToolbox.framework */; };
		256D76310FDEEE5E00422E5B /* Mail Sent.aiff in Resources */ = {isa = PBXBuildFile; fileRef = 256D76300FDEEE5E00422E5B /* Mail Sent.aiff */; };
		256D76D40FDEF89E00422E5B /* facebook-256.png in Resources */ = {isa = PBXBuildFile; fileRef = 256D76D30FDEF89E00422E5B /* facebook-256.png */; };
		256D76DE0FDEFC9F00422E5B /* twitter_logo_header.png in Resources */ = {isa = PBXBuildFile; fileRef = 256D76DD0FDEFC9F00422E5B /* twitter_logo_header.png */; };
		256D76FA0FDEFE2700422E5B /* TweetViewController.m in Sources */ = {isa = PBXBuildFile; fileRef = 256D76F70FDEFE2700422E5B /* TweetViewController.m */; };
		256D76FB0FDEFE2700422E5B /* TwitterLoginViewController.m in Sources */ = {isa = PBXBuildFile; fileRef = 256D76F90FDEFE2700422E5B /* TwitterLoginViewController.m */; };
		256D77020FDEFE4500422E5B /* TweetViewController.xib in Resources */ = {isa = PBXBuildFile; fileRef = 256D77000FDEFE4500422E5B /* TweetViewController.xib */; };
		256D77030FDEFE4500422E5B /* TwitterLoginView.xib in Resources */ = {isa = PBXBuildFile; fileRef = 256D77010FDEFE4500422E5B /* TwitterLoginView.xib */; };
		288765A50DF7441C002DB57D /* CoreGraphics.framework in Frameworks */ = {isa = PBXBuildFile; fileRef = 288765A40DF7441C002DB57D /* CoreGraphics.framework */; };
		2899E5220DE3E06400AC0155 /* SocialExamplesViewController.xib in Resources */ = {isa = PBXBuildFile; fileRef = 2899E5210DE3E06400AC0155 /* SocialExamplesViewController.xib */; };
		28AD733F0D9D9553002E5188 /* MainWindow.xib in Resources */ = {isa = PBXBuildFile; fileRef = 28AD733E0D9D9553002E5188 /* MainWindow.xib */; };
		28D7ACF80DDB3853001CB0EB /* SocialExamplesViewController.m in Sources */ = {isa = PBXBuildFile; fileRef = 28D7ACF70DDB3853001CB0EB /* SocialExamplesViewController.m */; };
/* End PBXBuildFile section */

/* Begin PBXFileReference section */
		1D30AB110D05D00D00671497 /* Foundation.framework */ = {isa = PBXFileReference; lastKnownFileType = wrapper.framework; name = Foundation.framework; path = System/Library/Frameworks/Foundation.framework; sourceTree = SDKROOT; };
		1D3623240D0F684500981E51 /* SocialExamplesAppDelegate.h */ = {isa = PBXFileReference; fileEncoding = 4; lastKnownFileType = sourcecode.c.h; path = SocialExamplesAppDelegate.h; sourceTree = "<group>"; };
		1D3623250D0F684500981E51 /* SocialExamplesAppDelegate.m */ = {isa = PBXFileReference; fileEncoding = 4; lastKnownFileType = sourcecode.c.objc; path = SocialExamplesAppDelegate.m; sourceTree = "<group>"; };
		1D6058910D05DD3D006BFB54 /* SocialExamples.app */ = {isa = PBXFileReference; explicitFileType = wrapper.application; includeInIndex = 0; path = SocialExamples.app; sourceTree = BUILT_PRODUCTS_DIR; };
		1DF5F4DF0D08C38300B7A737 /* UIKit.framework */ = {isa = PBXFileReference; lastKnownFileType = wrapper.framework; name = UIKit.framework; path = System/Library/Frameworks/UIKit.framework; sourceTree = SDKROOT; };
		256D745E0FDEEA9600422E5B /* config */ = {isa = PBXFileReference; fileEncoding = 4; lastKnownFileType = text; path = config; sourceTree = "<group>"; };
		256D745F0FDEEA9600422E5B /* description */ = {isa = PBXFileReference; fileEncoding = 4; lastKnownFileType = text; path = description; sourceTree = "<group>"; };
		256D74620FDEEA9600422E5B /* applypatch-msg.sample */ = {isa = PBXFileReference; fileEncoding = 4; lastKnownFileType = text.script.sh; path = "applypatch-msg.sample"; sourceTree = "<group>"; };
		256D74630FDEEA9600422E5B /* commit-msg.sample */ = {isa = PBXFileReference; fileEncoding = 4; lastKnownFileType = text.script.sh; path = "commit-msg.sample"; sourceTree = "<group>"; };
		256D74640FDEEA9600422E5B /* post-commit.sample */ = {isa = PBXFileReference; fileEncoding = 4; lastKnownFileType = text.script.sh; path = "post-commit.sample"; sourceTree = "<group>"; };
		256D74650FDEEA9600422E5B /* post-receive.sample */ = {isa = PBXFileReference; fileEncoding = 4; lastKnownFileType = text.script.sh; path = "post-receive.sample"; sourceTree = "<group>"; };
		256D74660FDEEA9600422E5B /* post-update.sample */ = {isa = PBXFileReference; fileEncoding = 4; lastKnownFileType = text.script.sh; path = "post-update.sample"; sourceTree = "<group>"; };
		256D74670FDEEA9600422E5B /* pre-applypatch.sample */ = {isa = PBXFileReference; fileEncoding = 4; lastKnownFileType = text.script.sh; path = "pre-applypatch.sample"; sourceTree = "<group>"; };
		256D74680FDEEA9600422E5B /* pre-commit.sample */ = {isa = PBXFileReference; fileEncoding = 4; lastKnownFileType = text.script.sh; path = "pre-commit.sample"; sourceTree = "<group>"; };
		256D74690FDEEA9600422E5B /* pre-rebase.sample */ = {isa = PBXFileReference; fileEncoding = 4; lastKnownFileType = text.script.sh; path = "pre-rebase.sample"; sourceTree = "<group>"; };
		256D746A0FDEEA9600422E5B /* prepare-commit-msg.sample */ = {isa = PBXFileReference; fileEncoding = 4; lastKnownFileType = text.script.sh; path = "prepare-commit-msg.sample"; sourceTree = "<group>"; };
		256D746B0FDEEA9600422E5B /* update.sample */ = {isa = PBXFileReference; fileEncoding = 4; lastKnownFileType = text.script.sh; path = update.sample; sourceTree = "<group>"; };
		256D746C0FDEEA9600422E5B /* index */ = {isa = PBXFileReference; lastKnownFileType = file; path = index; sourceTree = "<group>"; };
		256D746E0FDEEA9600422E5B /* exclude */ = {isa = PBXFileReference; fileEncoding = 4; lastKnownFileType = text; path = exclude; sourceTree = "<group>"; };
		256D747A0FDEEA9700422E5B /* pack-abd4598345b108c03cba21d0a9ba7a53d3b350c5.idx */ = {isa = PBXFileReference; lastKnownFileType = file; path = "pack-abd4598345b108c03cba21d0a9ba7a53d3b350c5.idx"; sourceTree = "<group>"; };
		256D747B0FDEEA9700422E5B /* pack-abd4598345b108c03cba21d0a9ba7a53d3b350c5.pack */ = {isa = PBXFileReference; lastKnownFileType = file; path = "pack-abd4598345b108c03cba21d0a9ba7a53d3b350c5.pack"; sourceTree = "<group>"; };
		256D747C0FDEEA9700422E5B /* packed-refs */ = {isa = PBXFileReference; fileEncoding = 4; lastKnownFileType = text; path = "packed-refs"; sourceTree = "<group>"; };
		256D74840FDEEA9700422E5B /* FBPermissionRequest.h */ = {isa = PBXFileReference; fileEncoding = 4; lastKnownFileType = sourcecode.c.h; path = FBPermissionRequest.h; sourceTree = "<group>"; };
		256D74850FDEEA9700422E5B /* FBPermissionRequest.m */ = {isa = PBXFileReference; fileEncoding = 4; lastKnownFileType = sourcecode.c.objc; path = FBPermissionRequest.m; sourceTree = "<group>"; };
		256D74860FDEEA9700422E5B /* FBStatusUpdateRequest.h */ = {isa = PBXFileReference; fileEncoding = 4; lastKnownFileType = sourcecode.c.h; path = FBStatusUpdateRequest.h; sourceTree = "<group>"; };
		256D74870FDEEA9700422E5B /* FBStatusUpdateRequest.m */ = {isa = PBXFileReference; fileEncoding = 4; lastKnownFileType = sourcecode.c.objc; path = FBStatusUpdateRequest.m; sourceTree = "<group>"; };
		256D74880FDEEA9700422E5B /* README */ = {isa = PBXFileReference; fileEncoding = 4; lastKnownFileType = text; path = README; sourceTree = "<group>"; };
		256D74CD0FDEEABC00422E5B /* FBConnect.h */ = {isa = PBXFileReference; fileEncoding = 4; lastKnownFileType = sourcecode.c.h; path = FBConnect.h; sourceTree = "<group>"; };
		256D74CE0FDEEABC00422E5B /* FBConnectGlobal.h */ = {isa = PBXFileReference; fileEncoding = 4; lastKnownFileType = sourcecode.c.h; path = FBConnectGlobal.h; sourceTree = "<group>"; };
		256D74CF0FDEEABC00422E5B /* FBDialog.h */ = {isa = PBXFileReference; fileEncoding = 4; lastKnownFileType = sourcecode.c.h; path = FBDialog.h; sourceTree = "<group>"; };
		256D74D00FDEEABC00422E5B /* FBFeedDialog.h */ = {isa = PBXFileReference; fileEncoding = 4; lastKnownFileType = sourcecode.c.h; path = FBFeedDialog.h; sourceTree = "<group>"; };
		256D74D10FDEEABC00422E5B /* FBLoginButton.h */ = {isa = PBXFileReference; fileEncoding = 4; lastKnownFileType = sourcecode.c.h; path = FBLoginButton.h; sourceTree = "<group>"; };
		256D74D20FDEEABC00422E5B /* FBLoginDialog.h */ = {isa = PBXFileReference; fileEncoding = 4; lastKnownFileType = sourcecode.c.h; path = FBLoginDialog.h; sourceTree = "<group>"; };
		256D74D30FDEEABC00422E5B /* FBPermissionDialog.h */ = {isa = PBXFileReference; fileEncoding = 4; lastKnownFileType = sourcecode.c.h; path = FBPermissionDialog.h; sourceTree = "<group>"; };
		256D74D40FDEEABC00422E5B /* FBRequest.h */ = {isa = PBXFileReference; fileEncoding = 4; lastKnownFileType = sourcecode.c.h; path = FBRequest.h; sourceTree = "<group>"; };
		256D74D50FDEEABC00422E5B /* FBSession.h */ = {isa = PBXFileReference; fileEncoding = 4; lastKnownFileType = sourcecode.c.h; path = FBSession.h; sourceTree = "<group>"; };
		256D74DA0FDEEABC00422E5B /* FBConnectGlobal.m */ = {isa = PBXFileReference; fileEncoding = 4; lastKnownFileType = sourcecode.c.objc; path = FBConnectGlobal.m; sourceTree = "<group>"; };
		256D74DB0FDEEABC00422E5B /* FBDialog.m */ = {isa = PBXFileReference; fileEncoding = 4; lastKnownFileType = sourcecode.c.objc; path = FBDialog.m; sourceTree = "<group>"; };
		256D74DC0FDEEABC00422E5B /* FBFeedDialog.m */ = {isa = PBXFileReference; fileEncoding = 4; lastKnownFileType = sourcecode.c.objc; path = FBFeedDialog.m; sourceTree = "<group>"; };
		256D74DD0FDEEABC00422E5B /* FBLoginButton.m */ = {isa = PBXFileReference; fileEncoding = 4; lastKnownFileType = sourcecode.c.objc; path = FBLoginButton.m; sourceTree = "<group>"; };
		256D74DE0FDEEABC00422E5B /* FBLoginDialog.m */ = {isa = PBXFileReference; fileEncoding = 4; lastKnownFileType = sourcecode.c.objc; path = FBLoginDialog.m; sourceTree = "<group>"; };
		256D74DF0FDEEABC00422E5B /* FBPermissionDialog.m */ = {isa = PBXFileReference; fileEncoding = 4; lastKnownFileType = sourcecode.c.objc; path = FBPermissionDialog.m; sourceTree = "<group>"; };
		256D74E00FDEEABC00422E5B /* FBRequest.m */ = {isa = PBXFileReference; fileEncoding = 4; lastKnownFileType = sourcecode.c.objc; path = FBRequest.m; sourceTree = "<group>"; };
		256D74E10FDEEABC00422E5B /* FBSession.m */ = {isa = PBXFileReference; fileEncoding = 4; lastKnownFileType = sourcecode.c.objc; path = FBSession.m; sourceTree = "<group>"; };
		256D74E20FDEEABC00422E5B /* FBXMLHandler.h */ = {isa = PBXFileReference; fileEncoding = 4; lastKnownFileType = sourcecode.c.h; path = FBXMLHandler.h; sourceTree = "<group>"; };
		256D74E30FDEEABC00422E5B /* FBXMLHandler.m */ = {isa = PBXFileReference; fileEncoding = 4; lastKnownFileType = sourcecode.c.objc; path = FBXMLHandler.m; sourceTree = "<group>"; };
		256D757A0FDEECB800422E5B /* MGTwitterEngine.h */ = {isa = PBXFileReference; fileEncoding = 4; lastKnownFileType = sourcecode.c.h; path = MGTwitterEngine.h; sourceTree = "<group>"; };
		256D757B0FDEECB800422E5B /* MGTwitterEngine.m */ = {isa = PBXFileReference; fileEncoding = 4; lastKnownFileType = sourcecode.c.objc; path = MGTwitterEngine.m; sourceTree = "<group>"; };
		256D757F0FDEECB800422E5B /* MGTwitterEngine_Prefix.pch */ = {isa = PBXFileReference; fileEncoding = 4; lastKnownFileType = sourcecode.c.h; path = MGTwitterEngine_Prefix.pch; sourceTree = "<group>"; };
		256D75800FDEECB800422E5B /* MGTwitterEngineDelegate.h */ = {isa = PBXFileReference; fileEncoding = 4; lastKnownFileType = sourcecode.c.h; path = MGTwitterEngineDelegate.h; sourceTree = "<group>"; };
		256D75810FDEECB800422E5B /* MGTwitterEngineGlobalHeader.h */ = {isa = PBXFileReference; fileEncoding = 4; lastKnownFileType = sourcecode.c.h; path = MGTwitterEngineGlobalHeader.h; sourceTree = "<group>"; };
		256D75820FDEECB800422E5B /* MGTwitterHTTPURLConnection.h */ = {isa = PBXFileReference; fileEncoding = 4; lastKnownFileType = sourcecode.c.h; path = MGTwitterHTTPURLConnection.h; sourceTree = "<group>"; };
		256D75830FDEECB800422E5B /* MGTwitterHTTPURLConnection.m */ = {isa = PBXFileReference; fileEncoding = 4; lastKnownFileType = sourcecode.c.objc; path = MGTwitterHTTPURLConnection.m; sourceTree = "<group>"; };
		256D75840FDEECB800422E5B /* MGTwitterLibXMLParser.h */ = {isa = PBXFileReference; fileEncoding = 4; lastKnownFileType = sourcecode.c.h; path = MGTwitterLibXMLParser.h; sourceTree = "<group>"; };
		256D75850FDEECB800422E5B /* MGTwitterLibXMLParser.m */ = {isa = PBXFileReference; fileEncoding = 4; lastKnownFileType = sourcecode.c.objc; path = MGTwitterLibXMLParser.m; sourceTree = "<group>"; };
		256D75860FDEECB800422E5B /* MGTwitterMessagesLibXMLParser.h */ = {isa = PBXFileReference; fileEncoding = 4; lastKnownFileType = sourcecode.c.h; path = MGTwitterMessagesLibXMLParser.h; sourceTree = "<group>"; };
		256D75870FDEECB800422E5B /* MGTwitterMessagesLibXMLParser.m */ = {isa = PBXFileReference; fileEncoding = 4; lastKnownFileType = sourcecode.c.objc; path = MGTwitterMessagesLibXMLParser.m; sourceTree = "<group>"; };
		256D75880FDEECB800422E5B /* MGTwitterMessagesParser.h */ = {isa = PBXFileReference; fileEncoding = 4; lastKnownFileType = sourcecode.c.h; path = MGTwitterMessagesParser.h; sourceTree = "<group>"; };
		256D75890FDEECB800422E5B /* MGTwitterMessagesParser.m */ = {isa = PBXFileReference; fileEncoding = 4; lastKnownFileType = sourcecode.c.objc; path = MGTwitterMessagesParser.m; sourceTree = "<group>"; };
		256D758A0FDEECB800422E5B /* MGTwitterMessagesYAJLParser.h */ = {isa = PBXFileReference; fileEncoding = 4; lastKnownFileType = sourcecode.c.h; path = MGTwitterMessagesYAJLParser.h; sourceTree = "<group>"; };
		256D758B0FDEECB800422E5B /* MGTwitterMessagesYAJLParser.m */ = {isa = PBXFileReference; fileEncoding = 4; lastKnownFileType = sourcecode.c.objc; path = MGTwitterMessagesYAJLParser.m; sourceTree = "<group>"; };
		256D758C0FDEECB800422E5B /* MGTwitterMiscLibXMLParser.h */ = {isa = PBXFileReference; fileEncoding = 4; lastKnownFileType = sourcecode.c.h; path = MGTwitterMiscLibXMLParser.h; sourceTree = "<group>"; };
		256D758D0FDEECB800422E5B /* MGTwitterMiscLibXMLParser.m */ = {isa = PBXFileReference; fileEncoding = 4; lastKnownFileType = sourcecode.c.objc; path = MGTwitterMiscLibXMLParser.m; sourceTree = "<group>"; };
		256D758E0FDEECB800422E5B /* MGTwitterMiscParser.h */ = {isa = PBXFileReference; fileEncoding = 4; lastKnownFileType = sourcecode.c.h; path = MGTwitterMiscParser.h; sourceTree = "<group>"; };
		256D758F0FDEECB800422E5B /* MGTwitterMiscParser.m */ = {isa = PBXFileReference; fileEncoding = 4; lastKnownFileType = sourcecode.c.objc; path = MGTwitterMiscParser.m; sourceTree = "<group>"; };
		256D75900FDEECB800422E5B /* MGTwitterMiscYAJLParser.h */ = {isa = PBXFileReference; fileEncoding = 4; lastKnownFileType = sourcecode.c.h; path = MGTwitterMiscYAJLParser.h; sourceTree = "<group>"; };
		256D75910FDEECB800422E5B /* MGTwitterMiscYAJLParser.m */ = {isa = PBXFileReference; fileEncoding = 4; lastKnownFileType = sourcecode.c.objc; path = MGTwitterMiscYAJLParser.m; sourceTree = "<group>"; };
		256D75920FDEECB800422E5B /* MGTwitterParserDelegate.h */ = {isa = PBXFileReference; fileEncoding = 4; lastKnownFileType = sourcecode.c.h; path = MGTwitterParserDelegate.h; sourceTree = "<group>"; };
		256D75930FDEECB800422E5B /* MGTwitterRequestTypes.h */ = {isa = PBXFileReference; fileEncoding = 4; lastKnownFileType = sourcecode.c.h; path = MGTwitterRequestTypes.h; sourceTree = "<group>"; };
		256D75940FDEECB800422E5B /* MGTwitterSearchYAJLParser.h */ = {isa = PBXFileReference; fileEncoding = 4; lastKnownFileType = sourcecode.c.h; path = MGTwitterSearchYAJLParser.h; sourceTree = "<group>"; };
		256D75950FDEECB800422E5B /* MGTwitterSearchYAJLParser.m */ = {isa = PBXFileReference; fileEncoding = 4; lastKnownFileType = sourcecode.c.objc; path = MGTwitterSearchYAJLParser.m; sourceTree = "<group>"; };
		256D75960FDEECB800422E5B /* MGTwitterStatusesLibXMLParser.h */ = {isa = PBXFileReference; fileEncoding = 4; lastKnownFileType = sourcecode.c.h; path = MGTwitterStatusesLibXMLParser.h; sourceTree = "<group>"; };
		256D75970FDEECB800422E5B /* MGTwitterStatusesLibXMLParser.m */ = {isa = PBXFileReference; fileEncoding = 4; lastKnownFileType = sourcecode.c.objc; path = MGTwitterStatusesLibXMLParser.m; sourceTree = "<group>"; };
		256D75980FDEECB800422E5B /* MGTwitterStatusesParser.h */ = {isa = PBXFileReference; fileEncoding = 4; lastKnownFileType = sourcecode.c.h; path = MGTwitterStatusesParser.h; sourceTree = "<group>"; };
		256D75990FDEECB800422E5B /* MGTwitterStatusesParser.m */ = {isa = PBXFileReference; fileEncoding = 4; lastKnownFileType = sourcecode.c.objc; path = MGTwitterStatusesParser.m; sourceTree = "<group>"; };
		256D759A0FDEECB800422E5B /* MGTwitterStatusesYAJLParser.h */ = {isa = PBXFileReference; fileEncoding = 4; lastKnownFileType = sourcecode.c.h; path = MGTwitterStatusesYAJLParser.h; sourceTree = "<group>"; };
		256D759B0FDEECB800422E5B /* MGTwitterStatusesYAJLParser.m */ = {isa = PBXFileReference; fileEncoding = 4; lastKnownFileType = sourcecode.c.objc; path = MGTwitterStatusesYAJLParser.m; sourceTree = "<group>"; };
		256D759C0FDEECB800422E5B /* MGTwitterUsersLibXMLParser.h */ = {isa = PBXFileReference; fileEncoding = 4; lastKnownFileType = sourcecode.c.h; path = MGTwitterUsersLibXMLParser.h; sourceTree = "<group>"; };
		256D759D0FDEECB800422E5B /* MGTwitterUsersLibXMLParser.m */ = {isa = PBXFileReference; fileEncoding = 4; lastKnownFileType = sourcecode.c.objc; path = MGTwitterUsersLibXMLParser.m; sourceTree = "<group>"; };
		256D759E0FDEECB800422E5B /* MGTwitterUsersParser.h */ = {isa = PBXFileReference; fileEncoding = 4; lastKnownFileType = sourcecode.c.h; path = MGTwitterUsersParser.h; sourceTree = "<group>"; };
		256D759F0FDEECB800422E5B /* MGTwitterUsersParser.m */ = {isa = PBXFileReference; fileEncoding = 4; lastKnownFileType = sourcecode.c.objc; path = MGTwitterUsersParser.m; sourceTree = "<group>"; };
		256D75A00FDEECB800422E5B /* MGTwitterUsersYAJLParser.h */ = {isa = PBXFileReference; fileEncoding = 4; lastKnownFileType = sourcecode.c.h; path = MGTwitterUsersYAJLParser.h; sourceTree = "<group>"; };
		256D75A10FDEECB800422E5B /* MGTwitterUsersYAJLParser.m */ = {isa = PBXFileReference; fileEncoding = 4; lastKnownFileType = sourcecode.c.objc; path = MGTwitterUsersYAJLParser.m; sourceTree = "<group>"; };
		256D75A20FDEECB800422E5B /* MGTwitterXMLParser.h */ = {isa = PBXFileReference; fileEncoding = 4; lastKnownFileType = sourcecode.c.h; path = MGTwitterXMLParser.h; sourceTree = "<group>"; };
		256D75A30FDEECB800422E5B /* MGTwitterXMLParser.m */ = {isa = PBXFileReference; fileEncoding = 4; lastKnownFileType = sourcecode.c.objc; path = MGTwitterXMLParser.m; sourceTree = "<group>"; };
		256D75A40FDEECB800422E5B /* MGTwitterYAJLParser.h */ = {isa = PBXFileReference; fileEncoding = 4; lastKnownFileType = sourcecode.c.h; path = MGTwitterYAJLParser.h; sourceTree = "<group>"; };
		256D75A50FDEECB800422E5B /* MGTwitterYAJLParser.m */ = {isa = PBXFileReference; fileEncoding = 4; lastKnownFileType = sourcecode.c.objc; path = MGTwitterYAJLParser.m; sourceTree = "<group>"; };
		256D75A60FDEECB800422E5B /* NSData+Base64.h */ = {isa = PBXFileReference; fileEncoding = 4; lastKnownFileType = sourcecode.c.h; path = "NSData+Base64.h"; sourceTree = "<group>"; };
		256D75A70FDEECB800422E5B /* NSData+Base64.m */ = {isa = PBXFileReference; fileEncoding = 4; lastKnownFileType = sourcecode.c.objc; path = "NSData+Base64.m"; sourceTree = "<group>"; };
		256D75A80FDEECB800422E5B /* NSString+UUID.h */ = {isa = PBXFileReference; fileEncoding = 4; lastKnownFileType = sourcecode.c.h; path = "NSString+UUID.h"; sourceTree = "<group>"; };
		256D75A90FDEECB800422E5B /* NSString+UUID.m */ = {isa = PBXFileReference; fileEncoding = 4; lastKnownFileType = sourcecode.c.objc; path = "NSString+UUID.m"; sourceTree = "<group>"; };
		256D75E80FDEED0100422E5B /* libxml2.dylib */ = {isa = PBXFileReference; lastKnownFileType = "compiled.mach-o.dylib"; name = libxml2.dylib; path = usr/lib/libxml2.dylib; sourceTree = SDKROOT; };
		256D760B0FDEEDFB00422E5B /* AudioToolbox.framework */ = {isa = PBXFileReference; lastKnownFileType = wrapper.framework; name = AudioToolbox.framework; path = System/Library/Frameworks/AudioToolbox.framework; sourceTree = SDKROOT; };
		256D76300FDEEE5E00422E5B /* Mail Sent.aiff */ = {isa = PBXFileReference; lastKnownFileType = audio.aiff; name = "Mail Sent.aiff"; path = "Resources/Mail Sent.aiff"; sourceTree = "<group>"; };
		256D76D30FDEF89E00422E5B /* facebook-256.png */ = {isa = PBXFileReference; lastKnownFileType = image.png; name = "facebook-256.png"; path = "Resources/PNGs/facebook-256.png"; sourceTree = "<group>"; };
		256D76DD0FDEFC9F00422E5B /* twitter_logo_header.png */ = {isa = PBXFileReference; lastKnownFileType = image.png; name = twitter_logo_header.png; path = Resources/PNGs/twitter_logo_header.png; sourceTree = "<group>"; };
		256D76F60FDEFE2700422E5B /* TweetViewController.h */ = {isa = PBXFileReference; fileEncoding = 4; lastKnownFileType = sourcecode.c.h; path = TweetViewController.h; sourceTree = "<group>"; };
		256D76F70FDEFE2700422E5B /* TweetViewController.m */ = {isa = PBXFileReference; fileEncoding = 4; lastKnownFileType = sourcecode.c.objc; path = TweetViewController.m; sourceTree = "<group>"; };
		256D76F80FDEFE2700422E5B /* TwitterLoginViewController.h */ = {isa = PBXFileReference; fileEncoding = 4; lastKnownFileType = sourcecode.c.h; path = TwitterLoginViewController.h; sourceTree = "<group>"; };
		256D76F90FDEFE2700422E5B /* TwitterLoginViewController.m */ = {isa = PBXFileReference; fileEncoding = 4; lastKnownFileType = sourcecode.c.objc; path = TwitterLoginViewController.m; sourceTree = "<group>"; };
		256D77000FDEFE4500422E5B /* TweetViewController.xib */ = {isa = PBXFileReference; lastKnownFileType = file.xib; name = TweetViewController.xib; path = Resources/XIBs/TweetViewController.xib; sourceTree = "<group>"; };
		256D77010FDEFE4500422E5B /* TwitterLoginView.xib */ = {isa = PBXFileReference; lastKnownFileType = file.xib; name = TwitterLoginView.xib; path = Resources/XIBs/TwitterLoginView.xib; sourceTree = "<group>"; };
		288765A40DF7441C002DB57D /* CoreGraphics.framework */ = {isa = PBXFileReference; lastKnownFileType = wrapper.framework; name = CoreGraphics.framework; path = System/Library/Frameworks/CoreGraphics.framework; sourceTree = SDKROOT; };
		2899E5210DE3E06400AC0155 /* SocialExamplesViewController.xib */ = {isa = PBXFileReference; lastKnownFileType = file.xib; name = SocialExamplesViewController.xib; path = Resources/XIBs/SocialExamplesViewController.xib; sourceTree = "<group>"; };
		28AD733E0D9D9553002E5188 /* MainWindow.xib */ = {isa = PBXFileReference; lastKnownFileType = file.xib; name = MainWindow.xib; path = Resources/XIBs/MainWindow.xib; sourceTree = "<group>"; };
		28D7ACF60DDB3853001CB0EB /* SocialExamplesViewController.h */ = {isa = PBXFileReference; fileEncoding = 4; lastKnownFileType = sourcecode.c.h; path = SocialExamplesViewController.h; sourceTree = "<group>"; };
		28D7ACF70DDB3853001CB0EB /* SocialExamplesViewController.m */ = {isa = PBXFileReference; fileEncoding = 4; lastKnownFileType = sourcecode.c.objc; path = SocialExamplesViewController.m; sourceTree = "<group>"; };
		29B97316FDCFA39411CA2CEA /* main.m */ = {isa = PBXFileReference; fileEncoding = 4; lastKnownFileType = sourcecode.c.objc; path = main.m; sourceTree = "<group>"; };
		32CA4F630368D1EE00C91783 /* SocialExamples_Prefix.pch */ = {isa = PBXFileReference; fileEncoding = 4; lastKnownFileType = sourcecode.c.h; path = SocialExamples_Prefix.pch; sourceTree = "<group>"; };
		8D1107310486CEB800E47090 /* SocialExamples-Info.plist */ = {isa = PBXFileReference; fileEncoding = 4; lastKnownFileType = text.plist.xml; path = "SocialExamples-Info.plist"; plistStructureDefinitionIdentifier = "com.apple.xcode.plist.structure-definition.iphone.info-plist"; sourceTree = "<group>"; };
/* End PBXFileReference section */

/* Begin PBXFrameworksBuildPhase section */
		1D60588F0D05DD3D006BFB54 /* Frameworks */ = {
			isa = PBXFrameworksBuildPhase;
			buildActionMask = 2147483647;
			files = (
				1D60589F0D05DD5A006BFB54 /* Foundation.framework in Frameworks */,
				1DF5F4E00D08C38300B7A737 /* UIKit.framework in Frameworks */,
				288765A50DF7441C002DB57D /* CoreGraphics.framework in Frameworks */,
				256D75E90FDEED0100422E5B /* libxml2.dylib in Frameworks */,
				256D760C0FDEEDFB00422E5B /* AudioToolbox.framework in Frameworks */,
			);
			runOnlyForDeploymentPostprocessing = 0;
		};
/* End PBXFrameworksBuildPhase section */

/* Begin PBXGroup section */
		080E96DDFE201D6D7F000001 /* Classes */ = {
			isa = PBXGroup;
			children = (
				1D3623240D0F684500981E51 /* SocialExamplesAppDelegate.h */,
				1D3623250D0F684500981E51 /* SocialExamplesAppDelegate.m */,
				28D7ACF60DDB3853001CB0EB /* SocialExamplesViewController.h */,
				28D7ACF70DDB3853001CB0EB /* SocialExamplesViewController.m */,
				256D76F60FDEFE2700422E5B /* TweetViewController.h */,
				256D76F70FDEFE2700422E5B /* TweetViewController.m */,
				256D76F80FDEFE2700422E5B /* TwitterLoginViewController.h */,
				256D76F90FDEFE2700422E5B /* TwitterLoginViewController.m */,
			);
			path = Classes;
			sourceTree = "<group>";
		};
		19C28FACFE9D520D11CA2CBB /* Products */ = {
			isa = PBXGroup;
			children = (
				1D6058910D05DD3D006BFB54 /* SocialExamples.app */,
			);
			name = Products;
			sourceTree = "<group>";
		};
		256D744E0FDEE96100422E5B /* Libraries */ = {
			isa = PBXGroup;
			children = (
				256D754A0FDEECB800422E5B /* MGTwitterEngine */,
				256D74A30FDEEABC00422E5B /* FBConnect */,
				256D745C0FDEEA9600422E5B /* FBConnect_Extensions */,
			);
			name = Libraries;
			sourceTree = "<group>";
		};
		256D745C0FDEEA9600422E5B /* FBConnect_Extensions */ = {
			isa = PBXGroup;
			children = (
				256D745D0FDEEA9600422E5B /* .git */,
				256D74840FDEEA9700422E5B /* FBPermissionRequest.h */,
				256D74850FDEEA9700422E5B /* FBPermissionRequest.m */,
				256D74860FDEEA9700422E5B /* FBStatusUpdateRequest.h */,
				256D74870FDEEA9700422E5B /* FBStatusUpdateRequest.m */,
				256D74880FDEEA9700422E5B /* README */,
			);
			name = FBConnect_Extensions;
			path = Libraries/FBConnect_Extensions;
			sourceTree = "<group>";
		};
		256D745D0FDEEA9600422E5B /* .git */ = {
			isa = PBXGroup;
			children = (
				256D745E0FDEEA9600422E5B /* config */,
				256D745F0FDEEA9600422E5B /* description */,
				256D74610FDEEA9600422E5B /* hooks */,
				256D746C0FDEEA9600422E5B /* index */,
				256D746D0FDEEA9600422E5B /* info */,
				256D746F0FDEEA9600422E5B /* logs */,
				256D74770FDEEA9700422E5B /* objects */,
				256D747C0FDEEA9700422E5B /* packed-refs */,
				256D747D0FDEEA9700422E5B /* refs */,
			);
			path = .git;
			sourceTree = "<group>";
		};
		256D74610FDEEA9600422E5B /* hooks */ = {
			isa = PBXGroup;
			children = (
				256D74620FDEEA9600422E5B /* applypatch-msg.sample */,
				256D74630FDEEA9600422E5B /* commit-msg.sample */,
				256D74640FDEEA9600422E5B /* post-commit.sample */,
				256D74650FDEEA9600422E5B /* post-receive.sample */,
				256D74660FDEEA9600422E5B /* post-update.sample */,
				256D74670FDEEA9600422E5B /* pre-applypatch.sample */,
				256D74680FDEEA9600422E5B /* pre-commit.sample */,
				256D74690FDEEA9600422E5B /* pre-rebase.sample */,
				256D746A0FDEEA9600422E5B /* prepare-commit-msg.sample */,
				256D746B0FDEEA9600422E5B /* update.sample */,
			);
			path = hooks;
			sourceTree = "<group>";
		};
		256D746D0FDEEA9600422E5B /* info */ = {
			isa = PBXGroup;
			children = (
				256D746E0FDEEA9600422E5B /* exclude */,
			);
			path = info;
			sourceTree = "<group>";
		};
		256D746F0FDEEA9600422E5B /* logs */ = {
			isa = PBXGroup;
			children = (
				256D74710FDEEA9600422E5B /* refs */,
			);
			path = logs;
			sourceTree = "<group>";
		};
		256D74710FDEEA9600422E5B /* refs */ = {
			isa = PBXGroup;
			children = (
				256D74720FDEEA9600422E5B /* heads */,
				256D74740FDEEA9600422E5B /* remotes */,
			);
			path = refs;
			sourceTree = "<group>";
		};
		256D74720FDEEA9600422E5B /* heads */ = {
			isa = PBXGroup;
			children = (
			);
			path = heads;
			sourceTree = "<group>";
		};
		256D74740FDEEA9600422E5B /* remotes */ = {
			isa = PBXGroup;
			children = (
				256D74750FDEEA9600422E5B /* origin */,
			);
			path = remotes;
			sourceTree = "<group>";
		};
		256D74750FDEEA9600422E5B /* origin */ = {
			isa = PBXGroup;
			children = (
			);
			path = origin;
			sourceTree = "<group>";
		};
		256D74770FDEEA9700422E5B /* objects */ = {
			isa = PBXGroup;
			children = (
				256D74780FDEEA9700422E5B /* info */,
				256D74790FDEEA9700422E5B /* pack */,
			);
			path = objects;
			sourceTree = "<group>";
		};
		256D74780FDEEA9700422E5B /* info */ = {
			isa = PBXGroup;
			children = (
			);
			path = info;
			sourceTree = "<group>";
		};
		256D74790FDEEA9700422E5B /* pack */ = {
			isa = PBXGroup;
			children = (
				256D747A0FDEEA9700422E5B /* pack-abd4598345b108c03cba21d0a9ba7a53d3b350c5.idx */,
				256D747B0FDEEA9700422E5B /* pack-abd4598345b108c03cba21d0a9ba7a53d3b350c5.pack */,
			);
			path = pack;
			sourceTree = "<group>";
		};
		256D747D0FDEEA9700422E5B /* refs */ = {
			isa = PBXGroup;
			children = (
				256D747E0FDEEA9700422E5B /* heads */,
				256D74800FDEEA9700422E5B /* remotes */,
				256D74830FDEEA9700422E5B /* tags */,
			);
			path = refs;
			sourceTree = "<group>";
		};
		256D747E0FDEEA9700422E5B /* heads */ = {
			isa = PBXGroup;
			children = (
			);
			path = heads;
			sourceTree = "<group>";
		};
		256D74800FDEEA9700422E5B /* remotes */ = {
			isa = PBXGroup;
			children = (
				256D74810FDEEA9700422E5B /* origin */,
			);
			path = remotes;
			sourceTree = "<group>";
		};
		256D74810FDEEA9700422E5B /* origin */ = {
			isa = PBXGroup;
			children = (
			);
			path = origin;
			sourceTree = "<group>";
		};
		256D74830FDEEA9700422E5B /* tags */ = {
			isa = PBXGroup;
			children = (
			);
			path = tags;
			sourceTree = "<group>";
		};
		256D74A30FDEEABC00422E5B /* FBConnect */ = {
			isa = PBXGroup;
			children = (
				256D74CC0FDEEABC00422E5B /* FBConnect */,
				256D74DA0FDEEABC00422E5B /* FBConnectGlobal.m */,
				256D74DB0FDEEABC00422E5B /* FBDialog.m */,
				256D74DC0FDEEABC00422E5B /* FBFeedDialog.m */,
				256D74DD0FDEEABC00422E5B /* FBLoginButton.m */,
				256D74DE0FDEEABC00422E5B /* FBLoginDialog.m */,
				256D74DF0FDEEABC00422E5B /* FBPermissionDialog.m */,
				256D74E00FDEEABC00422E5B /* FBRequest.m */,
				256D74E10FDEEABC00422E5B /* FBSession.m */,
				256D74E20FDEEABC00422E5B /* FBXMLHandler.h */,
				256D74E30FDEEABC00422E5B /* FBXMLHandler.m */,
			);
			name = FBConnect;
			path = "Libraries/fbconnect-iphone/src";
			sourceTree = "<group>";
		};
		256D74CC0FDEEABC00422E5B /* FBConnect */ = {
			isa = PBXGroup;
			children = (
				256D74CD0FDEEABC00422E5B /* FBConnect.h */,
				256D74CE0FDEEABC00422E5B /* FBConnectGlobal.h */,
				256D74CF0FDEEABC00422E5B /* FBDialog.h */,
				256D74D00FDEEABC00422E5B /* FBFeedDialog.h */,
				256D74D10FDEEABC00422E5B /* FBLoginButton.h */,
				256D74D20FDEEABC00422E5B /* FBLoginDialog.h */,
				256D74D30FDEEABC00422E5B /* FBPermissionDialog.h */,
				256D74D40FDEEABC00422E5B /* FBRequest.h */,
				256D74D50FDEEABC00422E5B /* FBSession.h */,
			);
			path = FBConnect;
			sourceTree = "<group>";
		};
		256D754A0FDEECB800422E5B /* MGTwitterEngine */ = {
			isa = PBXGroup;
			children = (
				256D757A0FDEECB800422E5B /* MGTwitterEngine.h */,
				256D757B0FDEECB800422E5B /* MGTwitterEngine.m */,
				256D757F0FDEECB800422E5B /* MGTwitterEngine_Prefix.pch */,
				256D75800FDEECB800422E5B /* MGTwitterEngineDelegate.h */,
				256D75810FDEECB800422E5B /* MGTwitterEngineGlobalHeader.h */,
				256D75820FDEECB800422E5B /* MGTwitterHTTPURLConnection.h */,
				256D75830FDEECB800422E5B /* MGTwitterHTTPURLConnection.m */,
				256D75840FDEECB800422E5B /* MGTwitterLibXMLParser.h */,
				256D75850FDEECB800422E5B /* MGTwitterLibXMLParser.m */,
				256D75860FDEECB800422E5B /* MGTwitterMessagesLibXMLParser.h */,
				256D75870FDEECB800422E5B /* MGTwitterMessagesLibXMLParser.m */,
				256D75880FDEECB800422E5B /* MGTwitterMessagesParser.h */,
				256D75890FDEECB800422E5B /* MGTwitterMessagesParser.m */,
				256D758A0FDEECB800422E5B /* MGTwitterMessagesYAJLParser.h */,
				256D758B0FDEECB800422E5B /* MGTwitterMessagesYAJLParser.m */,
				256D758C0FDEECB800422E5B /* MGTwitterMiscLibXMLParser.h */,
				256D758D0FDEECB800422E5B /* MGTwitterMiscLibXMLParser.m */,
				256D758E0FDEECB800422E5B /* MGTwitterMiscParser.h */,
				256D758F0FDEECB800422E5B /* MGTwitterMiscParser.m */,
				256D75900FDEECB800422E5B /* MGTwitterMiscYAJLParser.h */,
				256D75910FDEECB800422E5B /* MGTwitterMiscYAJLParser.m */,
				256D75920FDEECB800422E5B /* MGTwitterParserDelegate.h */,
				256D75930FDEECB800422E5B /* MGTwitterRequestTypes.h */,
				256D75940FDEECB800422E5B /* MGTwitterSearchYAJLParser.h */,
				256D75950FDEECB800422E5B /* MGTwitterSearchYAJLParser.m */,
				256D75960FDEECB800422E5B /* MGTwitterStatusesLibXMLParser.h */,
				256D75970FDEECB800422E5B /* MGTwitterStatusesLibXMLParser.m */,
				256D75980FDEECB800422E5B /* MGTwitterStatusesParser.h */,
				256D75990FDEECB800422E5B /* MGTwitterStatusesParser.m */,
				256D759A0FDEECB800422E5B /* MGTwitterStatusesYAJLParser.h */,
				256D759B0FDEECB800422E5B /* MGTwitterStatusesYAJLParser.m */,
				256D759C0FDEECB800422E5B /* MGTwitterUsersLibXMLParser.h */,
				256D759D0FDEECB800422E5B /* MGTwitterUsersLibXMLParser.m */,
				256D759E0FDEECB800422E5B /* MGTwitterUsersParser.h */,
				256D759F0FDEECB800422E5B /* MGTwitterUsersParser.m */,
				256D75A00FDEECB800422E5B /* MGTwitterUsersYAJLParser.h */,
				256D75A10FDEECB800422E5B /* MGTwitterUsersYAJLParser.m */,
				256D75A20FDEECB800422E5B /* MGTwitterXMLParser.h */,
				256D75A30FDEECB800422E5B /* MGTwitterXMLParser.m */,
				256D75A40FDEECB800422E5B /* MGTwitterYAJLParser.h */,
				256D75A50FDEECB800422E5B /* MGTwitterYAJLParser.m */,
				256D75A60FDEECB800422E5B /* NSData+Base64.h */,
				256D75A70FDEECB800422E5B /* NSData+Base64.m */,
				256D75A80FDEECB800422E5B /* NSString+UUID.h */,
				256D75A90FDEECB800422E5B /* NSString+UUID.m */,
			);
			name = MGTwitterEngine;
			path = Libraries/MGTwitterEngine;
			sourceTree = "<group>";
		};
		256D77040FDEFE4900422E5B /* XIBs */ = {
			isa = PBXGroup;
			children = (
				256D77000FDEFE4500422E5B /* TweetViewController.xib */,
				256D77010FDEFE4500422E5B /* TwitterLoginView.xib */,
				2899E5210DE3E06400AC0155 /* SocialExamplesViewController.xib */,
				28AD733E0D9D9553002E5188 /* MainWindow.xib */,
			);
			name = XIBs;
			sourceTree = "<group>";
		};
		256D77060FDEFE5400422E5B /* PNGs */ = {
			isa = PBXGroup;
			children = (
				256D76DD0FDEFC9F00422E5B /* twitter_logo_header.png */,
				256D76D30FDEF89E00422E5B /* facebook-256.png */,
			);
			name = PNGs;
			sourceTree = "<group>";
		};
		29B97314FDCFA39411CA2CEA /* CustomTemplate */ = {
			isa = PBXGroup;
			children = (
				080E96DDFE201D6D7F000001 /* Classes */,
				29B97315FDCFA39411CA2CEA /* Other Sources */,
				29B97317FDCFA39411CA2CEA /* Resources */,
				29B97323FDCFA39411CA2CEA /* Frameworks */,
				19C28FACFE9D520D11CA2CBB /* Products */,
				256D744E0FDEE96100422E5B /* Libraries */,
			);
			name = CustomTemplate;
			sourceTree = "<group>";
		};
		29B97315FDCFA39411CA2CEA /* Other Sources */ = {
			isa = PBXGroup;
			children = (
				32CA4F630368D1EE00C91783 /* SocialExamples_Prefix.pch */,
				29B97316FDCFA39411CA2CEA /* main.m */,
			);
			name = "Other Sources";
			sourceTree = "<group>";
		};
		29B97317FDCFA39411CA2CEA /* Resources */ = {
			isa = PBXGroup;
			children = (
				256D77060FDEFE5400422E5B /* PNGs */,
				256D77040FDEFE4900422E5B /* XIBs */,
				256D76300FDEEE5E00422E5B /* Mail Sent.aiff */,
				8D1107310486CEB800E47090 /* SocialExamples-Info.plist */,
			);
			name = Resources;
			sourceTree = "<group>";
		};
		29B97323FDCFA39411CA2CEA /* Frameworks */ = {
			isa = PBXGroup;
			children = (
				256D760B0FDEEDFB00422E5B /* AudioToolbox.framework */,
				256D75E80FDEED0100422E5B /* libxml2.dylib */,
				1DF5F4DF0D08C38300B7A737 /* UIKit.framework */,
				1D30AB110D05D00D00671497 /* Foundation.framework */,
				288765A40DF7441C002DB57D /* CoreGraphics.framework */,
			);
			name = Frameworks;
			sourceTree = "<group>";
		};
/* End PBXGroup section */

/* Begin PBXNativeTarget section */
		1D6058900D05DD3D006BFB54 /* SocialExamples */ = {
			isa = PBXNativeTarget;
			buildConfigurationList = 1D6058960D05DD3E006BFB54 /* Build configuration list for PBXNativeTarget "SocialExamples" */;
			buildPhases = (
				1D60588D0D05DD3D006BFB54 /* Resources */,
				1D60588E0D05DD3D006BFB54 /* Sources */,
				1D60588F0D05DD3D006BFB54 /* Frameworks */,
			);
			buildRules = (
			);
			dependencies = (
			);
			name = SocialExamples;
			productName = SocialExamples;
			productReference = 1D6058910D05DD3D006BFB54 /* SocialExamples.app */;
			productType = "com.apple.product-type.application";
		};
/* End PBXNativeTarget section */

/* Begin PBXProject section */
		29B97313FDCFA39411CA2CEA /* Project object */ = {
			isa = PBXProject;
			buildConfigurationList = C01FCF4E08A954540054247B /* Build configuration list for PBXProject "SocialExamples" */;
			compatibilityVersion = "Xcode 3.1";
			hasScannedForEncodings = 1;
			mainGroup = 29B97314FDCFA39411CA2CEA /* CustomTemplate */;
			projectDirPath = "";
			projectRoot = "";
			targets = (
				1D6058900D05DD3D006BFB54 /* SocialExamples */,
			);
		};
/* End PBXProject section */

/* Begin PBXResourcesBuildPhase section */
		1D60588D0D05DD3D006BFB54 /* Resources */ = {
			isa = PBXResourcesBuildPhase;
			buildActionMask = 2147483647;
			files = (
				28AD733F0D9D9553002E5188 /* MainWindow.xib in Resources */,
				2899E5220DE3E06400AC0155 /* SocialExamplesViewController.xib in Resources */,
				256D74890FDEEA9700422E5B /* config in Resources */,
				256D748A0FDEEA9700422E5B /* description in Resources */,
				256D748C0FDEEA9700422E5B /* applypatch-msg.sample in Resources */,
				256D748D0FDEEA9700422E5B /* commit-msg.sample in Resources */,
				256D748E0FDEEA9700422E5B /* post-commit.sample in Resources */,
				256D748F0FDEEA9700422E5B /* post-receive.sample in Resources */,
				256D74900FDEEA9700422E5B /* post-update.sample in Resources */,
				256D74910FDEEA9700422E5B /* pre-applypatch.sample in Resources */,
				256D74920FDEEA9700422E5B /* pre-commit.sample in Resources */,
				256D74930FDEEA9700422E5B /* pre-rebase.sample in Resources */,
				256D74940FDEEA9700422E5B /* prepare-commit-msg.sample in Resources */,
				256D74950FDEEA9700422E5B /* update.sample in Resources */,
				256D74960FDEEA9700422E5B /* index in Resources */,
				256D74970FDEEA9700422E5B /* exclude in Resources */,
				256D749B0FDEEA9700422E5B /* pack-abd4598345b108c03cba21d0a9ba7a53d3b350c5.idx in Resources */,
				256D749C0FDEEA9700422E5B /* pack-abd4598345b108c03cba21d0a9ba7a53d3b350c5.pack in Resources */,
				256D749D0FDEEA9700422E5B /* packed-refs in Resources */,
				256D74A20FDEEA9700422E5B /* README in Resources */,
				256D76310FDEEE5E00422E5B /* Mail Sent.aiff in Resources */,
				256D76D40FDEF89E00422E5B /* facebook-256.png in Resources */,
				256D76DE0FDEFC9F00422E5B /* twitter_logo_header.png in Resources */,
				256D77020FDEFE4500422E5B /* TweetViewController.xib in Resources */,
				256D77030FDEFE4500422E5B /* TwitterLoginView.xib in Resources */,
			);
			runOnlyForDeploymentPostprocessing = 0;
		};
/* End PBXResourcesBuildPhase section */

/* Begin PBXSourcesBuildPhase section */
		1D60588E0D05DD3D006BFB54 /* Sources */ = {
			isa = PBXSourcesBuildPhase;
			buildActionMask = 2147483647;
			files = (
				1D60589B0D05DD56006BFB54 /* main.m in Sources */,
				1D3623260D0F684500981E51 /* SocialExamplesAppDelegate.m in Sources */,
				28D7ACF80DDB3853001CB0EB /* SocialExamplesViewController.m in Sources */,
				256D74A00FDEEA9700422E5B /* FBPermissionRequest.m in Sources */,
				256D74A10FDEEA9700422E5B /* FBStatusUpdateRequest.m in Sources */,
				256D75040FDEEABC00422E5B /* FBConnectGlobal.m in Sources */,
				256D75050FDEEABC00422E5B /* FBDialog.m in Sources */,
				256D75060FDEEABC00422E5B /* FBFeedDialog.m in Sources */,
				256D75070FDEEABC00422E5B /* FBLoginButton.m in Sources */,
				256D75080FDEEABC00422E5B /* FBLoginDialog.m in Sources */,
				256D75090FDEEABC00422E5B /* FBPermissionDialog.m in Sources */,
				256D750A0FDEEABC00422E5B /* FBRequest.m in Sources */,
				256D750B0FDEEABC00422E5B /* FBSession.m in Sources */,
				256D750C0FDEEABC00422E5B /* FBXMLHandler.m in Sources */,
				256D75C90FDEECB800422E5B /* MGTwitterEngine.m in Sources */,
				256D75CA0FDEECB800422E5B /* MGTwitterHTTPURLConnection.m in Sources */,
				256D75CB0FDEECB800422E5B /* MGTwitterLibXMLParser.m in Sources */,
				256D75CC0FDEECB800422E5B /* MGTwitterMessagesLibXMLParser.m in Sources */,
				256D75CD0FDEECB800422E5B /* MGTwitterMessagesParser.m in Sources */,
				256D75CF0FDEECB800422E5B /* MGTwitterMiscLibXMLParser.m in Sources */,
				256D75D00FDEECB800422E5B /* MGTwitterMiscParser.m in Sources */,
				256D75D30FDEECB800422E5B /* MGTwitterStatusesLibXMLParser.m in Sources */,
				256D75D40FDEECB800422E5B /* MGTwitterStatusesParser.m in Sources */,
				256D75D60FDEECB800422E5B /* MGTwitterUsersLibXMLParser.m in Sources */,
				256D75D70FDEECB800422E5B /* MGTwitterUsersParser.m in Sources */,
				256D75D90FDEECB800422E5B /* MGTwitterXMLParser.m in Sources */,
				256D75DB0FDEECB800422E5B /* NSData+Base64.m in Sources */,
				256D75DC0FDEECB800422E5B /* NSString+UUID.m in Sources */,
				256D76FA0FDEFE2700422E5B /* TweetViewController.m in Sources */,
				256D76FB0FDEFE2700422E5B /* TwitterLoginViewController.m in Sources */,
			);
			runOnlyForDeploymentPostprocessing = 0;
		};
/* End PBXSourcesBuildPhase section */

/* Begin XCBuildConfiguration section */
		1D6058940D05DD3E006BFB54 /* Debug */ = {
			isa = XCBuildConfiguration;
			buildSettings = {
				ALWAYS_SEARCH_USER_PATHS = NO;
				COPY_PHASE_STRIP = NO;
				GCC_DYNAMIC_NO_PIC = NO;
				GCC_OPTIMIZATION_LEVEL = 0;
				GCC_PRECOMPILE_PREFIX_HEADER = YES;
				GCC_PREFIX_HEADER = SocialExamples_Prefix.pch;
				HEADER_SEARCH_PATHS = (
					"/usr/include/libxml2/**",
					"Libraries/fbconnect-iphone/src/",
				);
				INFOPLIST_FILE = "SocialExamples-Info.plist";
				LIBRARY_SEARCH_PATHS = (
					"$(inherited)",
					"\"$(SRCROOT)/Libraries/fbconnect-iphone/src/build/Debug-iphonesimulator\"",
				);
				PRODUCT_NAME = SocialExamples;
			};
			name = Debug;
		};
		1D6058950D05DD3E006BFB54 /* Release */ = {
			isa = XCBuildConfiguration;
			buildSettings = {
				ALWAYS_SEARCH_USER_PATHS = NO;
				COPY_PHASE_STRIP = YES;
				GCC_PRECOMPILE_PREFIX_HEADER = YES;
				GCC_PREFIX_HEADER = SocialExamples_Prefix.pch;
				HEADER_SEARCH_PATHS = (
					"/usr/include/libxml2/**",
					"Libraries/fbconnect-iphone/src/",
				);
				INFOPLIST_FILE = "SocialExamples-Info.plist";
				LIBRARY_SEARCH_PATHS = (
					"$(inherited)",
					"\"$(SRCROOT)/Libraries/fbconnect-iphone/src/build/Debug-iphonesimulator\"",
				);
				PRODUCT_NAME = SocialExamples;
			};
			name = Release;
		};
		C01FCF4F08A954540054247B /* Debug */ = {
			isa = XCBuildConfiguration;
			buildSettings = {
				ARCHS = "$(ARCHS_STANDARD_32_BIT)";
				"CODE_SIGN_IDENTITY[sdk=iphoneos*]" = "iPhone Developer";
				GCC_C_LANGUAGE_STANDARD = c99;
				GCC_WARN_ABOUT_RETURN_TYPE = YES;
				GCC_WARN_UNUSED_VARIABLE = YES;
				PREBINDING = NO;
				SDKROOT = iphoneos3.0;
			};
			name = Debug;
		};
		C01FCF5008A954540054247B /* Release */ = {
			isa = XCBuildConfiguration;
			buildSettings = {
				ARCHS = "$(ARCHS_STANDARD_32_BIT)";
				"CODE_SIGN_IDENTITY[sdk=iphoneos*]" = "iPhone Developer";
				GCC_C_LANGUAGE_STANDARD = c99;
				GCC_WARN_ABOUT_RETURN_TYPE = YES;
				GCC_WARN_UNUSED_VARIABLE = YES;
				PREBINDING = NO;
				SDKROOT = iphoneos3.0;
			};
			name = Release;
		};
/* End XCBuildConfiguration section */

/* Begin XCConfigurationList section */
		1D6058960D05DD3E006BFB54 /* Build configuration list for PBXNativeTarget "SocialExamples" */ = {
			isa = XCConfigurationList;
			buildConfigurations = (
				1D6058940D05DD3E006BFB54 /* Debug */,
				1D6058950D05DD3E006BFB54 /* Release */,
			);
			defaultConfigurationIsVisible = 0;
			defaultConfigurationName = Release;
		};
		C01FCF4E08A954540054247B /* Build configuration list for PBXProject "SocialExamples" */ = {
			isa = XCConfigurationList;
			buildConfigurations = (
				C01FCF4F08A954540054247B /* Debug */,
				C01FCF5008A954540054247B /* Release */,
			);
			defaultConfigurationIsVisible = 0;
			defaultConfigurationName = Release;
		};
/* End XCConfigurationList section */
	};
	rootObject = 29B97313FDCFA39411CA2CEA /* Project object */;
}
